{
  "name": "three-lib",
  "version": "0.0.1",
  "lockfileVersion": 2,
  "requires": true,
  "packages": {
    "": {
      "name": "three-lib",
      "version": "0.0.1",
      "license": "MIT",
      "dependencies": {
        "@tweenjs/tween.js": "^25.0.0",
        "@types/node": "^22.9.4",
        "@vue/reactivity": "^3.5.13",
        "suncalc": "^1.9.0",
        "three": "^0.170.0",
        "three-mesh-bvh": "^0.8.3"
      },
      "devDependencies": {
        "@rollup/plugin-image": "^3.0.3",
        "@rollup/plugin-node-resolve": "^15.3.0",
        "@rollup/plugin-typescript": "^12.1.1",
        "@types/suncalc": "^1.9.2",
        "@types/three": "^0.170.0",
        "rollup": "^4.27.4",
        "rollup-plugin-dts": "^6.1.1",
        "tslib": "^2.8.1",
        "typescript": "^5.7.2",
        "unplugin-auto-import": "^0.18.5",
        "unplugin-vue-components": "^0.27.4"
      }
    },
    "../../node_modules/.pnpm/@rollup+plugin-image@3.0.3_rollup@4.27.4/node_modules/@rollup/plugin-image": {
      "version": "3.0.3",
      "dev": true,
      "license": "MIT",
      "dependencies": {
        "@rollup/pluginutils": "^5.0.1",
        "mini-svg-data-uri": "^1.4.4"
      },
      "devDependencies": {
        "@rollup/plugin-buble": "^1.0.0",
        "rollup": "^4.0.0-24"
      },
      "engines": {
        "node": ">=14.0.0"
      },
      "peerDependencies": {
        "rollup": "^1.20.0||^2.0.0||^3.0.0||^4.0.0"
      },
      "peerDependenciesMeta": {
        "rollup": {
          "optional": true
        }
      }
    },
    "../../node_modules/.pnpm/@rollup+plugin-node-resolve@15.3.0_rollup@4.27.4/node_modules/@rollup/plugin-node-resolve": {
      "version": "15.3.0",
      "dev": true,
      "license": "MIT",
      "dependencies": {
        "@rollup/pluginutils": "^5.0.1",
        "@types/resolve": "1.20.2",
        "deepmerge": "^4.2.2",
        "is-module": "^1.0.0",
        "resolve": "^1.22.1"
      },
      "devDependencies": {
        "@babel/core": "^7.19.1",
        "@babel/plugin-transform-typescript": "^7.10.5",
        "@rollup/plugin-babel": "^6.0.0",
        "@rollup/plugin-commonjs": "^23.0.0",
        "@rollup/plugin-json": "^5.0.0",
        "es5-ext": "^0.10.62",
        "rollup": "^4.0.0-24",
        "source-map": "^0.7.4",
        "string-capitalize": "^1.0.1"
      },
      "engines": {
        "node": ">=14.0.0"
      },
      "peerDependencies": {
        "rollup": "^2.78.0||^3.0.0||^4.0.0"
      },
      "peerDependenciesMeta": {
        "rollup": {
          "optional": true
        }
      }
    },
    "../../node_modules/.pnpm/@rollup+plugin-typescript@12.1.1_rollup@4.27.4_tslib@2.8.1_typescript@5.7.2/node_modules/@rollup/plugin-typescript": {
      "version": "12.1.1",
      "dev": true,
      "license": "MIT",
      "dependencies": {
        "@rollup/pluginutils": "^5.1.0",
        "resolve": "^1.22.1"
      },
      "devDependencies": {
        "@rollup/plugin-buble": "^1.0.0",
        "@rollup/plugin-commonjs": "^23.0.0",
        "@types/node": "^14.18.30",
        "@types/resolve": "^1.20.2",
        "buble": "^0.20.0",
        "rollup": "^4.0.0-24",
        "typescript": "^4.8.3"
      },
      "engines": {
        "node": ">=14.0.0"
      },
      "peerDependencies": {
        "rollup": "^2.14.0||^3.0.0||^4.0.0",
        "tslib": "*",
        "typescript": ">=3.7.0"
      },
      "peerDependenciesMeta": {
        "rollup": {
          "optional": true
        },
        "tslib": {
          "optional": true
        }
      }
    },
    "../../node_modules/.pnpm/@tweenjs+tween.js@25.0.0/node_modules/@tweenjs/tween.js": {
      "version": "25.0.0",
      "license": "MIT",
      "devDependencies": {
        "nodeunit": "^0.11.3",
        "prettier": "^3.0.0",
        "rimraf": "^3.0.0",
        "rollup": "3.20.7",
        "rollup-plugin-dts": "5.3.0",
        "tslib": "^1.10.0",
        "typescript": "5.0.4"
      }
    },
    "../../node_modules/.pnpm/@types+node@22.9.4/node_modules/@types/node": {
      "version": "22.9.4",
      "license": "MIT",
      "dependencies": {
        "undici-types": "~6.19.8"
      }
    },
    "../../node_modules/.pnpm/@types+suncalc@1.9.2/node_modules/@types/suncalc": {
      "version": "1.9.2",
      "dev": true,
      "license": "MIT"
    },
    "../../node_modules/.pnpm/@types+three@0.170.0/node_modules/@types/three": {
      "version": "0.170.0",
      "dev": true,
      "license": "MIT",
      "dependencies": {
        "@tweenjs/tween.js": "~23.1.3",
        "@types/stats.js": "*",
        "@types/webxr": "*",
        "@webgpu/types": "*",
        "fflate": "~0.8.2",
        "meshoptimizer": "~0.18.1"
      }
    },
    "../../node_modules/.pnpm/@vitejs+plugin-vue@5.2.0_vite@5.4.11_vue@3.5.13/node_modules/@vitejs/plugin-vue": {
      "version": "5.2.0",
      "extraneous": true,
      "license": "MIT",
      "devDependencies": {
        "@jridgewell/gen-mapping": "^0.3.5",
        "@jridgewell/trace-mapping": "^0.3.25",
        "debug": "^4.3.7",
        "rollup": "^4.25.0",
        "slash": "^5.1.0",
        "source-map-js": "^1.2.1",
        "vite": "^6.0.0-beta.9",
        "vue": "^3.5.12"
      },
      "engines": {
        "node": "^18.0.0 || >=20.0.0"
      },
      "peerDependencies": {
        "vite": "^5.0.0",
        "vue": "^3.2.25"
      }
    },
    "../../node_modules/.pnpm/@vue+reactivity@3.5.13/node_modules/@vue/reactivity": {
      "version": "3.5.13",
      "license": "MIT",
      "dependencies": {
        "@vue/shared": "3.5.13"
      }
    },
    "../../node_modules/.pnpm/rollup-plugin-dts@6.1.1_rollup@4.27.4_typescript@5.7.2/node_modules/rollup-plugin-dts": {
      "version": "6.1.1",
      "dev": true,
      "license": "LGPL-3.0-only",
      "dependencies": {
        "magic-string": "^0.30.10"
      },
      "devDependencies": {
        "@babel/code-frame": "^7.24.2",
        "@types/babel__code-frame": "^7.0.6",
        "@types/d3-drag": "^3.0.7",
        "@types/estree": "1.0.5",
        "@types/node": "^20.12.11",
        "@types/react": "^18.3.2",
        "c8": "^9.1.0",
        "rollup": "4.17.2",
        "typescript": "5.4.5"
      },
      "engines": {
        "node": ">=16"
      },
      "funding": {
        "url": "https://github.com/sponsors/Swatinem"
      },
      "optionalDependencies": {
        "@babel/code-frame": "^7.24.2"
      },
      "peerDependencies": {
        "rollup": "^3.29.4 || ^4",
        "typescript": "^4.5 || ^5.0"
      }
    },
    "../../node_modules/.pnpm/rollup@4.27.4/node_modules/rollup": {
      "version": "4.27.4",
      "dev": true,
      "license": "MIT",
      "dependencies": {
        "@types/estree": "1.0.6"
      },
      "bin": {
        "rollup": "dist/bin/rollup"
      },
      "devDependencies": {
        "@codemirror/commands": "^6.7.1",
        "@codemirror/lang-javascript": "^6.2.2",
        "@codemirror/language": "^6.10.3",
        "@codemirror/search": "^6.5.7",
        "@codemirror/state": "^6.4.1",
        "@codemirror/view": "^6.34.3",
        "@eslint/js": "^9.15.0",
        "@inquirer/prompts": "^7.1.0",
        "@jridgewell/sourcemap-codec": "^1.5.0",
        "@mermaid-js/mermaid-cli": "^11.4.0",
        "@napi-rs/cli": "^2.18.4",
        "@rollup/plugin-alias": "^5.1.1",
        "@rollup/plugin-buble": "^1.0.3",
        "@rollup/plugin-commonjs": "^28.0.1",
        "@rollup/plugin-json": "^6.1.0",
        "@rollup/plugin-node-resolve": "^15.3.0",
        "@rollup/plugin-replace": "^6.0.1",
        "@rollup/plugin-terser": "^0.4.4",
        "@rollup/plugin-typescript": "^12.1.1",
        "@rollup/pluginutils": "^5.1.3",
        "@shikijs/vitepress-twoslash": "^1.23.1",
        "@types/mocha": "^10.0.9",
        "@types/node": "^18.19.64",
        "@types/semver": "^7.5.8",
        "@types/yargs-parser": "^21.0.3",
        "@vue/language-server": "^2.1.10",
        "acorn": "^8.14.0",
        "acorn-import-assertions": "^1.9.0",
        "acorn-jsx": "^5.3.2",
        "buble": "^0.20.0",
        "builtin-modules": "^4.0.0",
        "chokidar": "^3.6.0",
        "colorette": "^2.0.20",
        "concurrently": "^9.1.0",
        "core-js": "3.38.1",
        "cross-env": "^7.0.3",
        "date-time": "^4.0.0",
        "es5-shim": "^4.6.7",
        "es6-shim": "^0.35.8",
        "eslint": "^9.15.0",
        "eslint-config-prettier": "^9.1.0",
        "eslint-plugin-prettier": "^5.2.1",
        "eslint-plugin-unicorn": "^56.0.0",
        "eslint-plugin-vue": "^9.31.0",
        "fixturify": "^3.0.0",
        "flru": "^1.0.2",
        "fs-extra": "^11.2.0",
        "github-api": "^3.4.0",
        "globals": "^15.12.0",
        "husky": "^9.1.7",
        "is-reference": "^3.0.3",
        "lint-staged": "^15.2.10",
        "locate-character": "^3.0.0",
        "magic-string": "^0.30.13",
        "mocha": "^10.8.2",
        "nodemon": "^3.1.7",
        "npm-audit-resolver": "^3.0.0-RC.0",
        "nyc": "^17.1.0",
        "pinia": "^2.2.6",
        "prettier": "^3.3.3",
        "prettier-plugin-organize-imports": "^4.1.0",
        "pretty-bytes": "^6.1.1",
        "pretty-ms": "^9.2.0",
        "requirejs": "^2.3.7",
        "rollup": "^4.27.3",
        "rollup-plugin-license": "^3.5.3",
        "rollup-plugin-string": "^3.0.0",
        "semver": "^7.6.3",
        "shx": "^0.3.4",
        "signal-exit": "^4.1.0",
        "source-map": "^0.7.4",
        "source-map-support": "^0.5.21",
        "systemjs": "^6.15.1",
        "terser": "^5.36.0",
        "tslib": "^2.8.1",
        "typescript": "^5.6.3",
        "typescript-eslint": "^8.15.0",
        "vite": "^5.4.11",
        "vitepress": "^1.5.0",
        "vue": "^3.5.13",
        "vue-tsc": "^2.1.10",
        "wasm-pack": "^0.13.1",
        "yargs-parser": "^21.1.1"
      },
      "engines": {
        "node": ">=18.0.0",
        "npm": ">=8.0.0"
      },
      "optionalDependencies": {
        "@rollup/rollup-android-arm-eabi": "4.27.4",
        "@rollup/rollup-android-arm64": "4.27.4",
        "@rollup/rollup-darwin-arm64": "4.27.4",
        "@rollup/rollup-darwin-x64": "4.27.4",
        "@rollup/rollup-freebsd-arm64": "4.27.4",
        "@rollup/rollup-freebsd-x64": "4.27.4",
        "@rollup/rollup-linux-arm-gnueabihf": "4.27.4",
        "@rollup/rollup-linux-arm-musleabihf": "4.27.4",
        "@rollup/rollup-linux-arm64-gnu": "4.27.4",
        "@rollup/rollup-linux-arm64-musl": "4.27.4",
        "@rollup/rollup-linux-powerpc64le-gnu": "4.27.4",
        "@rollup/rollup-linux-riscv64-gnu": "4.27.4",
        "@rollup/rollup-linux-s390x-gnu": "4.27.4",
        "@rollup/rollup-linux-x64-gnu": "4.27.4",
        "@rollup/rollup-linux-x64-musl": "4.27.4",
        "@rollup/rollup-win32-arm64-msvc": "4.27.4",
        "@rollup/rollup-win32-ia32-msvc": "4.27.4",
        "@rollup/rollup-win32-x64-msvc": "4.27.4",
        "fsevents": "~2.3.2"
      }
    },
    "../../node_modules/.pnpm/suncalc@1.9.0/node_modules/suncalc": {
      "version": "1.9.0",
      "devDependencies": {
        "eslint": "^8.8.0",
        "eslint-config-mourner": "^2.0.1",
        "tape": "^5.5.0"
      }
    },
    "../../node_modules/.pnpm/three-mesh-bvh@0.8.3_three@0.170.0/node_modules/three-mesh-bvh": {
      "version": "0.8.3",
      "license": "MIT",
      "devDependencies": {
        "@babel/core": "^7.15.5",
        "@babel/preset-env": "^7.15.4",
        "@types/eslint": "^7.28.1",
        "@types/jest": "^27.0.2",
        "@types/three": "^0.166.0",
        "@typescript-eslint/eslint-plugin": "^7.14.1",
        "@typescript-eslint/parser": "^7.14.1",
        "babel-jest": "^27.2.4",
        "concurrently": "^8.2.1",
        "eslint": "^8.56.0",
        "eslint-config-mdcs": "^5.0.0",
        "eslint-plugin-jest": "^28.6.0",
        "glob": "^10.3.3",
        "jest": "^27.2.4",
        "preprocess": "^3.2.0",
        "rollup": "^3.28.1",
        "script-loader": "^0.7.2",
        "simple-git": "^3.19.1",
        "simplex-noise": "^2.4.0",
        "static-server": "^2.2.1",
        "stats.js": "^0.17.0",
        "three": "^0.170.0",
        "typescript": "^5.1.3",
        "vite": "^5.2.13"
      },
      "peerDependencies": {
        "three": ">= 0.159.0"
      }
    },
    "../../node_modules/.pnpm/three@0.170.0/node_modules/three": {
      "version": "0.170.0",
      "license": "MIT",
      "devDependencies": {
        "@rollup/plugin-node-resolve": "^15.0.1",
        "@rollup/plugin-terser": "^0.4.0",
        "chalk": "^5.2.0",
        "concurrently": "^9.0.0",
        "dpdm": "^3.14.0",
        "eslint": "^8.37.0",
        "eslint-config-mdcs": "^5.0.0",
        "eslint-plugin-compat": "^6.0.0",
        "eslint-plugin-html": "^8.0.0",
        "eslint-plugin-import": "^2.27.5",
        "failonlyreporter": "^1.0.0",
        "jimp": "^0.22.7",
        "magic-string": "^0.30.0",
        "pixelmatch": "^6.0.0",
        "puppeteer": "^22.0.0",
        "qunit": "^2.19.4",
        "rollup": "^4.6.0",
        "rollup-plugin-filesize": "^10.0.0",
        "rollup-plugin-visualizer": "^5.9.0",
        "servez": "^2.2.4"
      }
    },
    "../../node_modules/.pnpm/tslib@2.8.1/node_modules/tslib": {
      "version": "2.8.1",
      "dev": true,
      "license": "0BSD"
    },
    "../../node_modules/.pnpm/typescript@5.7.2/node_modules/typescript": {
      "version": "5.7.2",
      "dev": true,
      "license": "Apache-2.0",
      "bin": {
        "tsc": "bin/tsc",
        "tsserver": "bin/tsserver"
      },
      "devDependencies": {
        "@dprint/formatter": "^0.4.1",
        "@dprint/typescript": "0.93.0",
        "@esfx/canceltoken": "^1.0.0",
        "@eslint/js": "^9.11.1",
        "@octokit/rest": "^21.0.2",
        "@types/chai": "^4.3.20",
        "@types/diff": "^5.2.2",
        "@types/minimist": "^1.2.5",
        "@types/mocha": "^10.0.8",
        "@types/ms": "^0.7.34",
        "@types/node": "latest",
        "@types/source-map-support": "^0.5.10",
        "@types/which": "^3.0.4",
        "@typescript-eslint/rule-tester": "^8.8.0",
        "@typescript-eslint/type-utils": "^8.8.0",
        "@typescript-eslint/utils": "^8.8.0",
        "azure-devops-node-api": "^14.1.0",
        "c8": "^10.1.2",
        "chai": "^4.5.0",
        "chalk": "^4.1.2",
        "chokidar": "^3.6.0",
        "diff": "^5.2.0",
        "dprint": "^0.47.2",
        "esbuild": "^0.24.0",
        "eslint": "^9.11.1",
        "eslint-formatter-autolinkable-stylish": "^1.4.0",
        "eslint-plugin-regexp": "^2.6.0",
        "fast-xml-parser": "^4.5.0",
        "glob": "^10.4.5",
        "globals": "^15.9.0",
        "hereby": "^1.10.0",
        "jsonc-parser": "^3.3.1",
        "knip": "^5.30.6",
        "minimist": "^1.2.8",
        "mocha": "^10.7.3",
        "mocha-fivemat-progress-reporter": "^0.1.0",
        "monocart-coverage-reports": "^2.11.0",
        "ms": "^2.1.3",
        "playwright": "^1.47.2",
        "source-map-support": "^0.5.21",
        "tslib": "^2.7.0",
        "typescript": "^5.6.2",
        "typescript-eslint": "^8.8.0",
        "which": "^3.0.1"
      },
      "engines": {
        "node": ">=14.17"
      }
    },
    "../../node_modules/.pnpm/unplugin-auto-import@0.18.5_rollup@4.27.4/node_modules/unplugin-auto-import": {
      "version": "0.18.5",
      "dev": true,
      "license": "MIT",
      "dependencies": {
        "@antfu/utils": "^0.7.10",
        "@rollup/pluginutils": "^5.1.3",
        "fast-glob": "^3.3.2",
        "local-pkg": "^0.5.0",
        "magic-string": "^0.30.13",
        "minimatch": "^9.0.5",
        "unimport": "^3.13.2",
        "unplugin": "^1.16.0"
      },
      "devDependencies": {
        "@antfu/eslint-config": "^3.9.1",
        "@antfu/ni": "^0.23.0",
        "@nuxt/kit": "^3.14.159",
        "@svgr/plugin-jsx": "^8.1.0",
        "@types/node": "^22.9.0",
        "@types/resolve": "^1.20.6",
        "@vueuse/metadata": "^11.2.0",
        "bumpp": "^9.8.1",
        "eslint": "^9.15.0",
        "esno": "^4.8.0",
        "publint": "^0.2.12",
        "rollup": "^4.27.3",
        "tsup": "^8.3.5",
        "typescript": "^5.6.3",
        "vite": "^5.4.11",
        "vitest": "^2.1.5",
        "webpack": "^5.96.1"
      },
      "engines": {
        "node": ">=14"
      },
      "funding": {
        "url": "https://github.com/sponsors/antfu"
      },
      "peerDependencies": {
        "@nuxt/kit": "^3.2.2",
        "@vueuse/core": "*"
      },
      "peerDependenciesMeta": {
        "@nuxt/kit": {
          "optional": true
        },
        "@vueuse/core": {
          "optional": true
        }
      }
    },
    "../../node_modules/.pnpm/unplugin-vue-components@0.27.4_rollup@4.27.4_vue@3.5.13/node_modules/unplugin-vue-components": {
      "version": "0.27.4",
      "dev": true,
      "license": "MIT",
      "dependencies": {
        "@antfu/utils": "^0.7.10",
        "@rollup/pluginutils": "^5.1.0",
        "chokidar": "^3.6.0",
        "debug": "^4.3.6",
        "fast-glob": "^3.3.2",
        "local-pkg": "^0.5.0",
        "magic-string": "^0.30.11",
        "minimatch": "^9.0.5",
        "mlly": "^1.7.1",
        "unplugin": "^1.12.1"
      },
      "devDependencies": {
        "@antfu/eslint-config": "^2.25.1",
        "@babel/parser": "^7.25.3",
        "@babel/types": "^7.25.2",
        "@nuxt/kit": "^3.12.4",
        "@types/debug": "^4.1.12",
        "@types/minimatch": "^5.1.2",
        "@types/node": "^20.14.15",
        "bumpp": "^9.5.1",
        "compare-versions": "^6.1.1",
        "element-plus": "^2.8.0",
        "eslint": "^9.9.0",
        "eslint-plugin-format": "^0.1.2",
        "esno": "^4.7.0",
        "estree-walker": "^3.0.3",
        "pathe": "^1.1.2",
        "rollup": "^4.20.0",
        "tsup": "^8.2.4",
        "typescript": "^5.5.4",
        "vite": "^5.4.0",
        "vitest": "^2.0.5",
        "vue": "3.2.45"
      },
      "engines": {
        "node": ">=14"
      },
      "funding": {
        "url": "https://github.com/sponsors/antfu"
      },
      "peerDependencies": {
        "@babel/parser": "^7.15.8",
        "@nuxt/kit": "^3.2.2",
        "vue": "2 || 3"
      },
      "peerDependenciesMeta": {
        "@babel/parser": {
          "optional": true
        },
        "@nuxt/kit": {
          "optional": true
        }
      }
    },
    "../../node_modules/.pnpm/vite@5.4.11_@types+node@22.9.4_sass@1.81.0/node_modules/vite": {
      "version": "5.4.11",
      "extraneous": true,
      "license": "MIT",
      "dependencies": {
        "esbuild": "^0.21.3",
        "postcss": "^8.4.43",
        "rollup": "^4.20.0"
      },
      "bin": {
        "vite": "bin/vite.js"
      },
      "devDependencies": {
        "@ampproject/remapping": "^2.3.0",
        "@babel/parser": "^7.25.6",
        "@jridgewell/trace-mapping": "^0.3.25",
        "@polka/compression": "^1.0.0-next.25",
        "@rollup/plugin-alias": "^5.1.0",
        "@rollup/plugin-commonjs": "^26.0.1",
        "@rollup/plugin-dynamic-import-vars": "^2.1.2",
        "@rollup/plugin-json": "^6.1.0",
        "@rollup/plugin-node-resolve": "15.2.3",
        "@rollup/pluginutils": "^5.1.0",
        "@types/escape-html": "^1.0.4",
        "@types/pnpapi": "^0.0.5",
        "artichokie": "^0.2.1",
        "cac": "^6.7.14",
        "chokidar": "^3.6.0",
        "connect": "^3.7.0",
        "convert-source-map": "^2.0.0",
        "cors": "^2.8.5",
        "cross-spawn": "^7.0.3",
        "debug": "^4.3.6",
        "dep-types": "link:./src/types",
        "dotenv": "^16.4.5",
        "dotenv-expand": "^11.0.6",
        "es-module-lexer": "^1.5.4",
        "escape-html": "^1.0.3",
        "estree-walker": "^3.0.3",
        "etag": "^1.8.1",
        "fast-glob": "^3.3.2",
        "http-proxy": "^1.18.1",
        "launch-editor-middleware": "^2.9.1",
        "lightningcss": "^1.26.0",
        "magic-string": "^0.30.11",
        "micromatch": "^4.0.8",
        "mlly": "^1.7.1",
        "mrmime": "^2.0.0",
        "open": "^8.4.2",
        "parse5": "^7.1.2",
        "pathe": "^1.1.2",
        "periscopic": "^4.0.2",
        "picocolors": "^1.0.1",
        "picomatch": "^2.3.1",
        "postcss-import": "^16.1.0",
        "postcss-load-config": "^4.0.2",
        "postcss-modules": "^6.0.0",
        "resolve.exports": "^2.0.2",
        "rollup-plugin-dts": "^6.1.1",
        "rollup-plugin-esbuild": "^6.1.1",
        "rollup-plugin-license": "^3.5.2",
        "sass": "^1.77.8",
        "sass-embedded": "^1.77.8",
        "sirv": "^2.0.4",
        "source-map-support": "^0.5.21",
        "strip-ansi": "^7.1.0",
        "strip-literal": "^2.1.0",
        "tsconfck": "^3.1.4",
        "tslib": "^2.7.0",
        "types": "link:./types",
        "ufo": "^1.5.4",
        "ws": "^8.18.0"
      },
      "engines": {
        "node": "^18.0.0 || >=20.0.0"
      },
      "funding": {
        "url": "https://github.com/vitejs/vite?sponsor=1"
      },
      "optionalDependencies": {
        "fsevents": "~2.3.3"
      },
      "peerDependencies": {
        "@types/node": "^18.0.0 || >=20.0.0",
        "less": "*",
        "lightningcss": "^1.21.0",
        "sass": "*",
        "sass-embedded": "*",
        "stylus": "*",
        "sugarss": "*",
        "terser": "^5.4.0"
      },
      "peerDependenciesMeta": {
        "@types/node": {
          "optional": true
        },
        "less": {
          "optional": true
        },
        "lightningcss": {
          "optional": true
        },
        "sass": {
          "optional": true
        },
        "sass-embedded": {
          "optional": true
        },
        "stylus": {
          "optional": true
        },
        "sugarss": {
          "optional": true
        },
        "terser": {
          "optional": true
        }
      }
    },
    "node_modules/@rollup/plugin-image": {
      "resolved": "../../node_modules/.pnpm/@rollup+plugin-image@3.0.3_rollup@4.27.4/node_modules/@rollup/plugin-image",
      "link": true
    },
    "node_modules/@rollup/plugin-node-resolve": {
      "resolved": "../../node_modules/.pnpm/@rollup+plugin-node-resolve@15.3.0_rollup@4.27.4/node_modules/@rollup/plugin-node-resolve",
      "link": true
    },
    "node_modules/@rollup/plugin-typescript": {
      "resolved": "../../node_modules/.pnpm/@rollup+plugin-typescript@12.1.1_rollup@4.27.4_tslib@2.8.1_typescript@5.7.2/node_modules/@rollup/plugin-typescript",
      "link": true
    },
    "node_modules/@tweenjs/tween.js": {
      "resolved": "../../node_modules/.pnpm/@tweenjs+tween.js@25.0.0/node_modules/@tweenjs/tween.js",
      "link": true
    },
    "node_modules/@types/node": {
      "resolved": "../../node_modules/.pnpm/@types+node@22.9.4/node_modules/@types/node",
      "link": true
    },
    "node_modules/@types/suncalc": {
      "resolved": "../../node_modules/.pnpm/@types+suncalc@1.9.2/node_modules/@types/suncalc",
      "link": true
    },
    "node_modules/@types/three": {
      "resolved": "../../node_modules/.pnpm/@types+three@0.170.0/node_modules/@types/three",
      "link": true
    },
    "node_modules/@vue/reactivity": {
      "resolved": "../../node_modules/.pnpm/@vue+reactivity@3.5.13/node_modules/@vue/reactivity",
      "link": true
    },
    "node_modules/rollup": {
      "resolved": "../../node_modules/.pnpm/rollup@4.27.4/node_modules/rollup",
      "link": true
    },
    "node_modules/rollup-plugin-dts": {
      "resolved": "../../node_modules/.pnpm/rollup-plugin-dts@6.1.1_rollup@4.27.4_typescript@5.7.2/node_modules/rollup-plugin-dts",
      "link": true
    },
    "node_modules/suncalc": {
      "resolved": "../../node_modules/.pnpm/suncalc@1.9.0/node_modules/suncalc",
      "link": true
    },
    "node_modules/three": {
      "resolved": "../../node_modules/.pnpm/three@0.170.0/node_modules/three",
      "link": true
    },
    "node_modules/three-mesh-bvh": {
      "resolved": "../../node_modules/.pnpm/three-mesh-bvh@0.8.3_three@0.170.0/node_modules/three-mesh-bvh",
      "link": true
    },
    "node_modules/tslib": {
      "resolved": "../../node_modules/.pnpm/tslib@2.8.1/node_modules/tslib",
      "link": true
    },
    "node_modules/typescript": {
      "resolved": "../../node_modules/.pnpm/typescript@5.7.2/node_modules/typescript",
      "link": true
    },
    "node_modules/unplugin-auto-import": {
      "resolved": "../../node_modules/.pnpm/unplugin-auto-import@0.18.5_rollup@4.27.4/node_modules/unplugin-auto-import",
      "link": true
    },
    "node_modules/unplugin-vue-components": {
      "resolved": "../../node_modules/.pnpm/unplugin-vue-components@0.27.4_rollup@4.27.4_vue@3.5.13/node_modules/unplugin-vue-components",
      "link": true
    }
  },
  "dependencies": {
    "@rollup/plugin-image": {
      "version": "file:../../node_modules/.pnpm/@rollup+plugin-image@3.0.3_rollup@4.27.4/node_modules/@rollup/plugin-image",
      "requires": {
        "@rollup/plugin-buble": "^1.0.0",
        "@rollup/pluginutils": "^5.0.1",
        "mini-svg-data-uri": "^1.4.4",
        "rollup": "^4.0.0-24"
      }
    },
    "@rollup/plugin-node-resolve": {
      "version": "file:../../node_modules/.pnpm/@rollup+plugin-node-resolve@15.3.0_rollup@4.27.4/node_modules/@rollup/plugin-node-resolve",
      "requires": {
        "@babel/core": "^7.19.1",
        "@babel/plugin-transform-typescript": "^7.10.5",
        "@rollup/plugin-babel": "^6.0.0",
        "@rollup/plugin-commonjs": "^23.0.0",
        "@rollup/plugin-json": "^5.0.0",
        "@rollup/pluginutils": "^5.0.1",
        "@types/resolve": "1.20.2",
        "deepmerge": "^4.2.2",
        "es5-ext": "^0.10.62",
        "is-module": "^1.0.0",
        "resolve": "^1.22.1",
        "rollup": "^4.0.0-24",
        "source-map": "^0.7.4",
        "string-capitalize": "^1.0.1"
      }
    },
    "@rollup/plugin-typescript": {
      "version": "file:../../node_modules/.pnpm/@rollup+plugin-typescript@12.1.1_rollup@4.27.4_tslib@2.8.1_typescript@5.7.2/node_modules/@rollup/plugin-typescript",
      "requires": {
        "@rollup/plugin-buble": "^1.0.0",
        "@rollup/plugin-commonjs": "^23.0.0",
        "@rollup/pluginutils": "^5.1.0",
        "@types/node": "^14.18.30",
        "@types/resolve": "^1.20.2",
        "buble": "^0.20.0",
        "resolve": "^1.22.1",
        "rollup": "^4.0.0-24",
        "typescript": "^4.8.3"
      }
    },
    "@tweenjs/tween.js": {
      "version": "file:../../node_modules/.pnpm/@tweenjs+tween.js@25.0.0/node_modules/@tweenjs/tween.js",
      "requires": {
        "nodeunit": "^0.11.3",
        "prettier": "^3.0.0",
        "rimraf": "^3.0.0",
        "rollup": "3.20.7",
        "rollup-plugin-dts": "5.3.0",
        "tslib": "^1.10.0",
        "typescript": "5.0.4"
      }
    },
    "@types/node": {
      "version": "file:../../node_modules/.pnpm/@types+node@22.9.4/node_modules/@types/node",
      "requires": {
        "undici-types": "~6.19.8"
      }
    },
    "@types/suncalc": {
      "version": "file:../../node_modules/.pnpm/@types+suncalc@1.9.2/node_modules/@types/suncalc"
    },
    "@types/three": {
      "version": "file:../../node_modules/.pnpm/@types+three@0.170.0/node_modules/@types/three",
      "requires": {
        "@tweenjs/tween.js": "~23.1.3",
        "@types/stats.js": "*",
        "@types/webxr": "*",
        "@webgpu/types": "*",
        "fflate": "~0.8.2",
        "meshoptimizer": "~0.18.1"
      }
    },
    "@vue/reactivity": {
      "version": "file:../../node_modules/.pnpm/@vue+reactivity@3.5.13/node_modules/@vue/reactivity",
      "requires": {
        "@vue/shared": "3.5.13"
      }
    },
    "rollup": {
      "version": "file:../../node_modules/.pnpm/rollup@4.27.4/node_modules/rollup",
      "requires": {
        "@codemirror/commands": "^6.7.1",
        "@codemirror/lang-javascript": "^6.2.2",
        "@codemirror/language": "^6.10.3",
        "@codemirror/search": "^6.5.7",
        "@codemirror/state": "^6.4.1",
        "@codemirror/view": "^6.34.3",
        "@eslint/js": "^9.15.0",
        "@inquirer/prompts": "^7.1.0",
        "@jridgewell/sourcemap-codec": "^1.5.0",
        "@mermaid-js/mermaid-cli": "^11.4.0",
        "@napi-rs/cli": "^2.18.4",
        "@rollup/plugin-alias": "^5.1.1",
        "@rollup/plugin-buble": "^1.0.3",
        "@rollup/plugin-commonjs": "^28.0.1",
        "@rollup/plugin-json": "^6.1.0",
        "@rollup/plugin-node-resolve": "^15.3.0",
        "@rollup/plugin-replace": "^6.0.1",
        "@rollup/plugin-terser": "^0.4.4",
        "@rollup/plugin-typescript": "^12.1.1",
        "@rollup/pluginutils": "^5.1.3",
        "@rollup/rollup-android-arm-eabi": "4.27.4",
        "@rollup/rollup-android-arm64": "4.27.4",
        "@rollup/rollup-darwin-arm64": "4.27.4",
        "@rollup/rollup-darwin-x64": "4.27.4",
        "@rollup/rollup-freebsd-arm64": "4.27.4",
        "@rollup/rollup-freebsd-x64": "4.27.4",
        "@rollup/rollup-linux-arm-gnueabihf": "4.27.4",
        "@rollup/rollup-linux-arm-musleabihf": "4.27.4",
        "@rollup/rollup-linux-arm64-gnu": "4.27.4",
        "@rollup/rollup-linux-arm64-musl": "4.27.4",
        "@rollup/rollup-linux-powerpc64le-gnu": "4.27.4",
        "@rollup/rollup-linux-riscv64-gnu": "4.27.4",
        "@rollup/rollup-linux-s390x-gnu": "4.27.4",
        "@rollup/rollup-linux-x64-gnu": "4.27.4",
        "@rollup/rollup-linux-x64-musl": "4.27.4",
        "@rollup/rollup-win32-arm64-msvc": "4.27.4",
        "@rollup/rollup-win32-ia32-msvc": "4.27.4",
        "@rollup/rollup-win32-x64-msvc": "4.27.4",
        "@shikijs/vitepress-twoslash": "^1.23.1",
        "@types/estree": "1.0.6",
        "@types/mocha": "^10.0.9",
        "@types/node": "^18.19.64",
        "@types/semver": "^7.5.8",
        "@types/yargs-parser": "^21.0.3",
        "@vue/language-server": "^2.1.10",
        "acorn": "^8.14.0",
        "acorn-import-assertions": "^1.9.0",
        "acorn-jsx": "^5.3.2",
        "buble": "^0.20.0",
        "builtin-modules": "^4.0.0",
        "chokidar": "^3.6.0",
        "colorette": "^2.0.20",
        "concurrently": "^9.1.0",
        "core-js": "3.38.1",
        "cross-env": "^7.0.3",
        "date-time": "^4.0.0",
        "es5-shim": "^4.6.7",
        "es6-shim": "^0.35.8",
        "eslint": "^9.15.0",
        "eslint-config-prettier": "^9.1.0",
        "eslint-plugin-prettier": "^5.2.1",
        "eslint-plugin-unicorn": "^56.0.0",
        "eslint-plugin-vue": "^9.31.0",
        "fixturify": "^3.0.0",
        "flru": "^1.0.2",
        "fs-extra": "^11.2.0",
        "fsevents": "~2.3.2",
        "github-api": "^3.4.0",
        "globals": "^15.12.0",
        "husky": "^9.1.7",
        "is-reference": "^3.0.3",
        "lint-staged": "^15.2.10",
        "locate-character": "^3.0.0",
        "magic-string": "^0.30.13",
        "mocha": "^10.8.2",
        "nodemon": "^3.1.7",
        "npm-audit-resolver": "^3.0.0-RC.0",
        "nyc": "^17.1.0",
        "pinia": "^2.2.6",
        "prettier": "^3.3.3",
        "prettier-plugin-organize-imports": "^4.1.0",
        "pretty-bytes": "^6.1.1",
        "pretty-ms": "^9.2.0",
        "requirejs": "^2.3.7",
        "rollup": "^4.27.3",
        "rollup-plugin-license": "^3.5.3",
        "rollup-plugin-string": "^3.0.0",
        "semver": "^7.6.3",
        "shx": "^0.3.4",
        "signal-exit": "^4.1.0",
        "source-map": "^0.7.4",
        "source-map-support": "^0.5.21",
        "systemjs": "^6.15.1",
        "terser": "^5.36.0",
        "tslib": "^2.8.1",
        "typescript": "^5.6.3",
        "typescript-eslint": "^8.15.0",
        "vite": "^5.4.11",
        "vitepress": "^1.5.0",
        "vue": "^3.5.13",
        "vue-tsc": "^2.1.10",
        "wasm-pack": "^0.13.1",
        "yargs-parser": "^21.1.1"
      }
    },
    "rollup-plugin-dts": {
      "version": "file:../../node_modules/.pnpm/rollup-plugin-dts@6.1.1_rollup@4.27.4_typescript@5.7.2/node_modules/rollup-plugin-dts",
      "requires": {
        "@babel/code-frame": "^7.24.2",
        "@types/babel__code-frame": "^7.0.6",
        "@types/d3-drag": "^3.0.7",
        "@types/estree": "1.0.5",
        "@types/node": "^20.12.11",
        "@types/react": "^18.3.2",
        "c8": "^9.1.0",
        "magic-string": "^0.30.10",
        "rollup": "4.17.2",
        "typescript": "5.4.5"
      }
    },
    "suncalc": {
      "version": "file:../../node_modules/.pnpm/suncalc@1.9.0/node_modules/suncalc",
      "requires": {
        "eslint": "^8.8.0",
        "eslint-config-mourner": "^2.0.1",
        "tape": "^5.5.0"
      }
    },
    "three": {
      "version": "file:../../node_modules/.pnpm/three@0.170.0/node_modules/three",
      "requires": {
        "@rollup/plugin-node-resolve": "^15.0.1",
        "@rollup/plugin-terser": "^0.4.0",
        "chalk": "^5.2.0",
        "concurrently": "^9.0.0",
        "dpdm": "^3.14.0",
        "eslint": "^8.37.0",
        "eslint-config-mdcs": "^5.0.0",
        "eslint-plugin-compat": "^6.0.0",
        "eslint-plugin-html": "^8.0.0",
        "eslint-plugin-import": "^2.27.5",
        "failonlyreporter": "^1.0.0",
        "jimp": "^0.22.7",
        "magic-string": "^0.30.0",
        "pixelmatch": "^6.0.0",
        "puppeteer": "^22.0.0",
        "qunit": "^2.19.4",
        "rollup": "^4.6.0",
        "rollup-plugin-filesize": "^10.0.0",
        "rollup-plugin-visualizer": "^5.9.0",
        "servez": "^2.2.4"
      }
    },
    "three-mesh-bvh": {
      "version": "file:../../node_modules/.pnpm/three-mesh-bvh@0.8.3_three@0.170.0/node_modules/three-mesh-bvh",
      "requires": {
        "@babel/core": "^7.15.5",
        "@babel/preset-env": "^7.15.4",
        "@types/eslint": "^7.28.1",
        "@types/jest": "^27.0.2",
        "@types/three": "^0.166.0",
        "@typescript-eslint/eslint-plugin": "^7.14.1",
        "@typescript-eslint/parser": "^7.14.1",
        "babel-jest": "^27.2.4",
        "concurrently": "^8.2.1",
        "eslint": "^8.56.0",
        "eslint-config-mdcs": "^5.0.0",
        "eslint-plugin-jest": "^28.6.0",
        "glob": "^10.3.3",
        "jest": "^27.2.4",
        "preprocess": "^3.2.0",
        "rollup": "^3.28.1",
        "script-loader": "^0.7.2",
        "simple-git": "^3.19.1",
        "simplex-noise": "^2.4.0",
        "static-server": "^2.2.1",
        "stats.js": "^0.17.0",
        "three": "^0.170.0",
        "typescript": "^5.1.3",
        "vite": "^5.2.13"
      }
    },
    "tslib": {
      "version": "file:../../node_modules/.pnpm/tslib@2.8.1/node_modules/tslib"
    },
    "typescript": {
      "version": "file:../../node_modules/.pnpm/typescript@5.7.2/node_modules/typescript",
      "requires": {
        "@dprint/formatter": "^0.4.1",
        "@dprint/typescript": "0.93.0",
        "@esfx/canceltoken": "^1.0.0",
        "@eslint/js": "^9.11.1",
        "@octokit/rest": "^21.0.2",
        "@types/chai": "^4.3.20",
        "@types/diff": "^5.2.2",
        "@types/minimist": "^1.2.5",
        "@types/mocha": "^10.0.8",
        "@types/ms": "^0.7.34",
        "@types/node": "latest",
        "@types/source-map-support": "^0.5.10",
        "@types/which": "^3.0.4",
        "@typescript-eslint/rule-tester": "^8.8.0",
        "@typescript-eslint/type-utils": "^8.8.0",
        "@typescript-eslint/utils": "^8.8.0",
        "azure-devops-node-api": "^14.1.0",
        "c8": "^10.1.2",
        "chai": "^4.5.0",
        "chalk": "^4.1.2",
        "chokidar": "^3.6.0",
        "diff": "^5.2.0",
        "dprint": "^0.47.2",
        "esbuild": "^0.24.0",
        "eslint": "^9.11.1",
        "eslint-formatter-autolinkable-stylish": "^1.4.0",
        "eslint-plugin-regexp": "^2.6.0",
        "fast-xml-parser": "^4.5.0",
        "glob": "^10.4.5",
        "globals": "^15.9.0",
        "hereby": "^1.10.0",
        "jsonc-parser": "^3.3.1",
        "knip": "^5.30.6",
        "minimist": "^1.2.8",
        "mocha": "^10.7.3",
        "mocha-fivemat-progress-reporter": "^0.1.0",
        "monocart-coverage-reports": "^2.11.0",
        "ms": "^2.1.3",
        "playwright": "^1.47.2",
        "source-map-support": "^0.5.21",
        "tslib": "^2.7.0",
        "typescript": "^5.6.2",
        "typescript-eslint": "^8.8.0",
        "which": "^3.0.1"
      }
    },
    "unplugin-auto-import": {
      "version": "file:../../node_modules/.pnpm/unplugin-auto-import@0.18.5_rollup@4.27.4/node_modules/unplugin-auto-import",
      "requires": {
        "@antfu/eslint-config": "^3.9.1",
        "@antfu/ni": "^0.23.0",
        "@antfu/utils": "^0.7.10",
        "@nuxt/kit": "^3.14.159",
        "@rollup/pluginutils": "^5.1.3",
        "@svgr/plugin-jsx": "^8.1.0",
        "@types/node": "^22.9.0",
        "@types/resolve": "^1.20.6",
        "@vueuse/metadata": "^11.2.0",
        "bumpp": "^9.8.1",
        "eslint": "^9.15.0",
        "esno": "^4.8.0",
        "fast-glob": "^3.3.2",
        "local-pkg": "^0.5.0",
        "magic-string": "^0.30.13",
        "minimatch": "^9.0.5",
        "publint": "^0.2.12",
        "rollup": "^4.27.3",
        "tsup": "^8.3.5",
        "typescript": "^5.6.3",
        "unimport": "^3.13.2",
        "unplugin": "^1.16.0",
        "vite": "^5.4.11",
        "vitest": "^2.1.5",
        "webpack": "^5.96.1"
      }
    },
    "unplugin-vue-components": {
      "version": "file:../../node_modules/.pnpm/unplugin-vue-components@0.27.4_rollup@4.27.4_vue@3.5.13/node_modules/unplugin-vue-components",
      "requires": {
        "@antfu/eslint-config": "^2.25.1",
        "@antfu/utils": "^0.7.10",
        "@babel/parser": "^7.25.3",
        "@babel/types": "^7.25.2",
        "@nuxt/kit": "^3.12.4",
        "@rollup/pluginutils": "^5.1.0",
        "@types/debug": "^4.1.12",
        "@types/minimatch": "^5.1.2",
        "@types/node": "^20.14.15",
        "bumpp": "^9.5.1",
        "chokidar": "^3.6.0",
        "compare-versions": "^6.1.1",
        "debug": "^4.3.6",
        "element-plus": "^2.8.0",
        "eslint": "^9.9.0",
        "eslint-plugin-format": "^0.1.2",
        "esno": "^4.7.0",
        "estree-walker": "^3.0.3",
        "fast-glob": "^3.3.2",
        "local-pkg": "^0.5.0",
        "magic-string": "^0.30.11",
        "minimatch": "^9.0.5",
        "mlly": "^1.7.1",
        "pathe": "^1.1.2",
        "rollup": "^4.20.0",
        "tsup": "^8.2.4",
        "typescript": "^5.5.4",
        "unplugin": "^1.12.1",
        "vite": "^5.4.0",
        "vitest": "^2.0.5",
        "vue": "3.2.45"
      }
    }
  }
}
